{
    "_readme": [
        "This file locks the dependencies of your project to a known state",
        "Read more about it at https://getcomposer.org/doc/01-basic-usage.md#composer-lock-the-lock-file",
        "This file is @generated automatically"
    ],
    "hash": "549cce8137cd3bd22951ff50d5360862",
    "content-hash": "596ef693ac710131f5964c7672fc57fb",
    "packages": [
        {
            "name": "contao-community-alliance/composer-plugin",
            "version": "2.4.3",
            "source": {
                "type": "git",
                "url": "https://github.com/contao-community-alliance/composer-plugin.git",
                "reference": "238935db1452e7b4b640b052ca1f602cd82053c4"
            },
            "dist": {
                "type": "zip",
                "url": "https://api.github.com/repos/contao-community-alliance/composer-plugin/zipball/238935db1452e7b4b640b052ca1f602cd82053c4",
                "reference": "238935db1452e7b4b640b052ca1f602cd82053c4",
                "shasum": ""
            },
            "require": {
                "composer-plugin-api": "^1.0",
                "php": ">=5.3.2"
            },
            "conflict": {
                "contao-community-alliance/composer": "<0.9-dev",
                "contao/core": "3.0.*"
            },
            "replace": {
                "contao-community-alliance/composer-installer": "1.7.1"
            },
            "require-dev": {
                "composer/composer": "~1.0@dev",
                "contao/core": ">=2.11,<4.0",
                "phpcq/all-tasks": "~1.1"
            },
            "type": "composer-plugin",
            "extra": {
                "class": "ContaoCommunityAlliance\\Composer\\Plugin\\Plugin"
            },
            "autoload": {
                "psr-0": {
                    "ContaoCommunityAlliance\\Composer\\Plugin\\": "src/"
                }
            },
            "notification-url": "https://packagist.org/downloads/",
            "license": [
                "LGPL-3.0+"
            ],
            "description": "Composer plugin that provide contao integration and installer.",
            "homepage": "http://c-c-a.org/",
            "time": "2016-07-04 10:10:10"
        },
        {
            "name": "contao-components/compass",
            "version": "0.12.2.1",
            "source": {
                "type": "git",
                "url": "https://github.com/contao-components/compass.git",
                "reference": "57f0d49607922a71b78101728cf03a5bde287a28"
            },
            "dist": {
                "type": "zip",
                "url": "https://api.github.com/repos/contao-components/compass/zipball/57f0d49607922a71b78101728cf03a5bde287a28",
                "reference": "57f0d49607922a71b78101728cf03a5bde287a28",
                "shasum": ""
            },
            "type": "library",
            "notification-url": "https://packagist.org/downloads/",
            "license": [
                "MIT"
            ],
            "authors": [
                {
                    "name": "Leo Feyer",
                    "homepage": "https://github.com/leofeyer"
                }
            ],
            "description": "Compass integration for Contao Open Source CMS",
            "time": "2016-07-07 11:45:34"
        },
        {
            "name": "contao/core",
            "version": "3.5.19",
            "source": {
                "type": "git",
                "url": "https://github.com/contao-community-alliance/composerized-contao-core.git",
                "reference": "902bc4a790a1b24395051b12080d5d9b1dcbdd3f"
            },
            "dist": {
                "type": "zip",
                "url": "https://api.github.com/repos/contao-community-alliance/composerized-contao-core/zipball/902bc4a790a1b24395051b12080d5d9b1dcbdd3f",
                "reference": "902bc4a790a1b24395051b12080d5d9b1dcbdd3f",
                "shasum": ""
            },
            "require": {
                "contao-community-alliance/composer-plugin": "~2.0",
                "contao-components/compass": "~0.12",
                "leafo/scssphp": "~0.1",
                "matthiasmullie/minify": "~1.3",
                "michelf/php-markdown": "~1.4",
                "oyejorge/less.php": "~1.7",
                "php": ">=5.4.0",
                "phpspec/php-diff": "~1.0",
                "simplepie/simplepie": "~1.3",
                "swiftmailer/swiftmailer": "^5.2.1",
                "tecnick.com/tcpdf": "~6.0",
                "true/punycode": "~1.0"
            },
            "replace": {
                "contao/calendar-bundle": "self.version",
                "contao/comments-bundle": "self.version",
                "contao/core-bundle": "self.version",
                "contao/faq-bundle": "self.version",
                "contao/listing-bundle": "self.version",
                "contao/news-bundle": "self.version",
                "contao/newsletter-bundle": "self.version"
            },
            "type": "project",
            "autoload": {
                "classmap": [
                    "system/modules/calendar",
                    "system/modules/comments",
                    "system/modules/core",
                    "system/modules/devtools",
                    "system/modules/faq",
                    "system/modules/listing",
                    "system/modules/news",
                    "system/modules/newsletter",
                    "system/modules/repository",
                    "system/helper/interface.php"
                ]
            },
            "notification-url": "https://packagist.org/downloads/",
            "license": [
                "LGPL-3.0+"
            ],
            "authors": [
                {
                    "name": "Leo Feyer",
                    "homepage": "https://github.com/leofeyer"
                }
            ],
            "description": "Contao Open Source CMS",
            "homepage": "https://contao.org",
            "keywords": [
                "contao",
                "core"
            ],
            "time": "2016-11-16 11:01:04"
        },
        {
            "name": "erdmannfreunde/euf_grid",
            "version": "2.0.0",
            "source": {
                "type": "git",
                "url": "https://github.com/ErdmannFreunde/euf_grid.git",
                "reference": "ddef6edee516fde3b55bebc5291768615386e8b2"
            },
            "dist": {
                "type": "zip",
                "url": "https://api.github.com/repos/ErdmannFreunde/euf_grid/zipball/ddef6edee516fde3b55bebc5291768615386e8b2",
                "reference": "ddef6edee516fde3b55bebc5291768615386e8b2",
                "shasum": ""
            },
            "require": {
                "contao-community-alliance/composer-plugin": "^2.3.0 || 3.*",
                "contao/core-bundle": ">=3.5,<=3.5.9999",
                "php": ">=5.3"
            },
            "replace": {
                "contao-legacy/euf_grid": "self.version"
            },
            "type": "contao-module",
            "extra": {
                "contao": {
                    "sources": {
                        "": "system/modules/euf_grid"
                    }
                }
            },
            "notification-url": "https://packagist.org/downloads/",
            "license": [
                "GPL-3.0+"
            ],
            "authors": [
                {
                    "name": "Erdmann & Freunde // Sebastian Buck",
                    "homepage": "http://erdmann-freunde.de",
                    "role": "Developer"
                }
            ],
            "description": "Contao Extension to create grid-layouts",
            "homepage": "https://github.com/ErdmannFreunde/euf_grid",
            "keywords": [
                "bootstrap",
                "contao",
                "euf grid",
                "grid"
            ],
            "time": "2016-11-18 11:33:53"
        },
        {
            "name": "heimrichhannot/contao-slick",
            "version": "1.3.5",
            "source": {
                "type": "git",
                "url": "https://github.com/heimrichhannot/contao-slick.git",
                "reference": "edd12163aa2d8fb4dc054aecdf4b37a350a56884"
            },
            "dist": {
                "type": "zip",
                "url": "https://api.github.com/repos/heimrichhannot/contao-slick/zipball/edd12163aa2d8fb4dc054aecdf4b37a350a56884",
                "reference": "edd12163aa2d8fb4dc054aecdf4b37a350a56884",
                "shasum": ""
            },
            "require": {
                "contao/core": ">=3.4,<4-dev",
                "matthiasmullie/minify": "~1.3",
                "menatwork/contao-multicolumnwizard": ">=2.10,<4"
            },
            "type": "contao-module",
            "extra": {
                "contao": {
                    "sources": {
                        "": "system/modules/slick"
                    }
                }
            },
            "autoload": {
                "classmap": [
                    ""
                ]
            },
            "notification-url": "https://packagist.org/downloads/",
            "license": [
                "LGPL-3.0+"
            ],
            "authors": [
                {
                    "name": "Heimrich & Hannot",
                    "email": "digitales@heimrich-hannot.de",
                    "homepage": "http://www.heimrich-hannot.de",
                    "role": "Developer"
                }
            ],
            "description": "Slick, a content slider for contao.",
            "homepage": "https://github.com/heimrichhannot/contao-slick",
            "keywords": [
                "carousel",
                "contao",
                "slick",
                "slider"
            ],
            "time": "2016-11-14 08:36:53"
        },
        {
            "name": "leafo/scssphp",
            "version": "v0.6.6",
            "source": {
                "type": "git",
                "url": "https://github.com/leafo/scssphp.git",
                "reference": "6fdfe19d2b13a3f12ba0792227f0718809ce4e4d"
            },
            "dist": {
                "type": "zip",
                "url": "https://api.github.com/repos/leafo/scssphp/zipball/6fdfe19d2b13a3f12ba0792227f0718809ce4e4d",
                "reference": "6fdfe19d2b13a3f12ba0792227f0718809ce4e4d",
                "shasum": ""
            },
            "require": {
                "php": ">=5.4.0"
            },
            "require-dev": {
                "kherge/box": "~2.5",
                "phpunit/phpunit": "~3.7",
                "squizlabs/php_codesniffer": "~2.5"
            },
            "bin": [
                "bin/pscss"
            ],
            "type": "library",
            "autoload": {
                "psr-4": {
                    "Leafo\\ScssPhp\\": "src/"
                }
            },
            "notification-url": "https://packagist.org/downloads/",
            "license": [
                "MIT"
            ],
            "authors": [
                {
                    "name": "Leaf Corcoran",
                    "email": "leafot@gmail.com",
                    "homepage": "http://leafo.net"
                }
            ],
            "description": "scssphp is a compiler for SCSS written in PHP.",
            "homepage": "http://leafo.github.io/scssphp/",
            "keywords": [
                "css",
                "less",
                "sass",
                "scss",
                "stylesheet"
            ],
            "time": "2016-09-11 01:34:11"
        },
        {
            "name": "matthiasmullie/minify",
            "version": "1.3.42",
            "source": {
                "type": "git",
                "url": "https://github.com/matthiasmullie/minify.git",
                "reference": "b473affbb76ae6ec4e46d368b5081b5bfcdd3ed2"
            },
            "dist": {
                "type": "zip",
                "url": "https://api.github.com/repos/matthiasmullie/minify/zipball/b473affbb76ae6ec4e46d368b5081b5bfcdd3ed2",
                "reference": "b473affbb76ae6ec4e46d368b5081b5bfcdd3ed2",
                "shasum": ""
            },
            "require": {
                "ext-pcre": "*",
                "matthiasmullie/path-converter": "~1.0",
                "php": ">=5.3.0"
            },
            "require-dev": {
                "friendsofphp/php-cs-fixer": "~1.0",
                "matthiasmullie/scrapbook": "~1.0",
                "phpunit/phpunit": "~4.8"
            },
            "bin": [
                "bin/minifycss",
                "bin/minifyjs"
            ],
            "type": "library",
            "autoload": {
                "psr-4": {
                    "MatthiasMullie\\Minify\\": "src/"
                }
            },
            "notification-url": "https://packagist.org/downloads/",
            "license": [
                "MIT"
            ],
            "authors": [
                {
                    "name": "Matthias Mullie",
                    "email": "minify@mullie.eu",
                    "homepage": "http://www.mullie.eu",
                    "role": "Developer"
                }
            ],
            "description": "CSS & JS minifier",
            "homepage": "http://www.minifier.org",
            "keywords": [
                "JS",
                "css",
                "javascript",
                "minifier",
                "minify"
            ],
            "time": "2016-11-23 10:16:14"
        },
        {
            "name": "matthiasmullie/path-converter",
            "version": "1.0.8",
            "source": {
                "type": "git",
                "url": "https://github.com/matthiasmullie/path-converter.git",
                "reference": "7c36e5cafa95dd20008d19b153b506cffa8c2848"
            },
            "dist": {
                "type": "zip",
                "url": "https://api.github.com/repos/matthiasmullie/path-converter/zipball/7c36e5cafa95dd20008d19b153b506cffa8c2848",
                "reference": "7c36e5cafa95dd20008d19b153b506cffa8c2848",
                "shasum": ""
            },
            "require": {
                "ext-pcre": "*",
                "php": ">=5.3.0"
            },
            "require-dev": {
                "phpunit/phpunit": "~4.8"
            },
            "type": "library",
            "autoload": {
                "psr-4": {
                    "MatthiasMullie\\PathConverter\\": "src/"
                }
            },
            "notification-url": "https://packagist.org/downloads/",
            "license": [
                "MIT"
            ],
            "authors": [
                {
                    "name": "Matthias Mullie",
                    "email": "pathconverter@mullie.eu",
                    "homepage": "http://www.mullie.eu",
                    "role": "Developer"
                }
            ],
            "description": "Relative path converter",
            "homepage": "http://github.com/matthiasmullie/path-converter",
            "keywords": [
                "converter",
                "path",
                "paths",
                "relative"
            ],
            "time": "2016-04-27 10:38:05"
        },
        {
            "name": "menatwork/contao-multicolumnwizard",
            "version": "3.3.7",
            "source": {
                "type": "git",
                "url": "https://github.com/menatwork/MultiColumnWizard.git",
                "reference": "959d7cc29f4b0fa1ecf2ec51d7536fcd58676066"
            },
            "dist": {
                "type": "zip",
                "url": "https://api.github.com/repos/menatwork/MultiColumnWizard/zipball/959d7cc29f4b0fa1ecf2ec51d7536fcd58676066",
                "reference": "959d7cc29f4b0fa1ecf2ec51d7536fcd58676066",
                "shasum": ""
            },
            "require": {
                "contao-community-alliance/composer-plugin": "~2.4 || ~3.0",
                "contao/core-bundle": "~3.2 || ~4.1"
            },
            "replace": {
                "contao-legacy/multicolumnwizard": "*"
            },
            "type": "contao-module",
            "extra": {
                "contao": {
                    "sources": {
                        "system/modules/multicolumnwizard": "system/modules/multicolumnwizard"
                    }
                },
                "branch-alias": {
                    "dev-master": "3.3.x-dev",
                    "dev-dev": "3.4.x-dev"
                }
            },
            "autoload": {
                "classmap": [
                    "system/"
                ],
                "psr-4": {
                    "MenAtWork\\MultiColumnWizard\\": "system/modules/multicolumnwizard/src/"
                }
            },
            "notification-url": "https://packagist.org/downloads/",
            "license": [
                "LGPL-3.0+"
            ],
            "authors": [
                {
                    "name": "Tristan Lins",
                    "email": "tristan.lins@bit3.de",
                    "homepage": "http://bit3.de",
                    "role": "Developer"
                },
                {
                    "name": "Andreas Schempp",
                    "email": "andreas.schempp@terminal42.ch",
                    "homepage": "http://www.terminal42.ch",
                    "role": "Developer"
                },
                {
                    "name": "Yanick Witschi",
                    "email": "yanick.witschi@terminal42.ch",
                    "homepage": "http://www.terminal42.ch",
                    "role": "Developer"
                },
                {
                    "name": "Andreas Isaak",
                    "email": "contao@men-at-work.de",
                    "homepage": "http://www.men-at-work.de",
                    "role": "Project leader"
                },
                {
                    "name": "David Maack",
                    "email": "contao@men-at-work.de",
                    "homepage": "http://www.men-at-work.de",
                    "role": "Developer"
                }
            ],
            "description": "MultiColumWizard for Contao OpenSource CMS",
            "homepage": "http://www.men-at-work.de",
            "keywords": [
                "contao",
                "widget",
                "wizard"
            ],
            "time": "2016-10-17 07:16:19"
        },
        {
            "name": "michelf/php-markdown",
            "version": "1.7.0",
            "source": {
                "type": "git",
                "url": "https://github.com/michelf/php-markdown.git",
                "reference": "1f51cc520948f66cd2af8cbc45a5ee175e774220"
            },
            "dist": {
                "type": "zip",
                "url": "https://api.github.com/repos/michelf/php-markdown/zipball/1f51cc520948f66cd2af8cbc45a5ee175e774220",
                "reference": "1f51cc520948f66cd2af8cbc45a5ee175e774220",
                "shasum": ""
            },
            "require": {
                "php": ">=5.3.0"
            },
            "type": "library",
            "extra": {
                "branch-alias": {
                    "dev-lib": "1.4.x-dev"
                }
            },
            "autoload": {
                "psr-0": {
                    "Michelf": ""
                }
            },
            "notification-url": "https://packagist.org/downloads/",
            "license": [
                "BSD-3-Clause"
            ],
            "authors": [
                {
                    "name": "Michel Fortin",
                    "email": "michel.fortin@michelf.ca",
                    "homepage": "https://michelf.ca/",
                    "role": "Developer"
                },
                {
                    "name": "John Gruber",
                    "homepage": "https://daringfireball.net/"
                }
            ],
            "description": "PHP Markdown",
            "homepage": "https://michelf.ca/projects/php-markdown/",
            "keywords": [
                "markdown"
            ],
            "time": "2016-10-29 18:58:20"
        },
        {
            "name": "oyejorge/less.php",
            "version": "v1.7.0.10",
            "source": {
                "type": "git",
                "url": "https://github.com/oyejorge/less.php.git",
                "reference": "a1e2d3c20794b37ac4d0baeb24613e579584033b"
            },
            "dist": {
                "type": "zip",
                "url": "https://api.github.com/repos/oyejorge/less.php/zipball/a1e2d3c20794b37ac4d0baeb24613e579584033b",
                "reference": "a1e2d3c20794b37ac4d0baeb24613e579584033b",
                "shasum": ""
            },
            "require": {
                "php": ">=5.3"
            },
            "require-dev": {
                "phpunit/phpunit": "~4.8.18"
            },
            "bin": [
                "bin/lessc"
            ],
            "type": "library",
            "autoload": {
                "psr-0": {
                    "Less": "lib/"
                },
                "classmap": [
                    "lessc.inc.php"
                ]
            },
            "notification-url": "https://packagist.org/downloads/",
            "license": [
                "Apache-2.0"
            ],
            "authors": [
                {
                    "name": "Matt Agar",
                    "homepage": "https://github.com/agar"
                },
                {
                    "name": "Martin Jantošovič",
                    "homepage": "https://github.com/Mordred"
                },
                {
                    "name": "Josh Schmidt",
                    "homepage": "https://github.com/oyejorge"
                }
            ],
            "description": "PHP port of the Javascript version of LESS http://lesscss.org",
            "homepage": "http://lessphp.gpeasy.com",
            "keywords": [
                "css",
                "less",
                "less.js",
                "lesscss",
                "php",
                "stylesheet"
            ],
            "time": "2015-12-30 05:47:36"
        },
        {
            "name": "phpspec/php-diff",
            "version": "v1.1.0",
            "source": {
                "type": "git",
                "url": "https://github.com/phpspec/php-diff.git",
                "reference": "0464787bfa7cd13576c5a1e318709768798bec6a"
            },
            "dist": {
                "type": "zip",
                "url": "https://api.github.com/repos/phpspec/php-diff/zipball/0464787bfa7cd13576c5a1e318709768798bec6a",
                "reference": "0464787bfa7cd13576c5a1e318709768798bec6a",
                "shasum": ""
            },
            "type": "library",
            "extra": {
                "branch-alias": {
                    "dev-master": "1.0.x-dev"
                }
            },
            "autoload": {
                "psr-0": {
                    "Diff": "lib/"
                }
            },
            "notification-url": "https://packagist.org/downloads/",
            "license": [
                "BSD-3-Clause"
            ],
            "authors": [
                {
                    "name": "Chris Boulton",
                    "homepage": "http://github.com/chrisboulton"
                }
            ],
            "description": "A comprehensive library for generating differences between two hashable objects (strings or arrays).",
            "time": "2016-04-07 12:29:16"
        },
        {
            "name": "simplepie/simplepie",
            "version": "1.4.3",
            "source": {
                "type": "git",
                "url": "https://github.com/simplepie/simplepie.git",
                "reference": "2a24b6e74aa9bf33243020f52895fe77efe94ccf"
            },
            "dist": {
                "type": "zip",
                "url": "https://api.github.com/repos/simplepie/simplepie/zipball/2a24b6e74aa9bf33243020f52895fe77efe94ccf",
                "reference": "2a24b6e74aa9bf33243020f52895fe77efe94ccf",
                "shasum": ""
            },
            "require": {
                "php": ">=5.3.0"
            },
            "require-dev": {
                "phpunit/phpunit": "~4 || ~5"
            },
            "suggest": {
                "mf2/mf2": "Microformat module that allows for parsing HTML for microformats"
            },
            "type": "library",
            "autoload": {
                "psr-0": {
                    "SimplePie": "library"
                }
            },
            "notification-url": "https://packagist.org/downloads/",
            "license": [
                "BSD-3-Clause"
            ],
            "authors": [
                {
                    "name": "Ryan Parman",
                    "homepage": "http://ryanparman.com/",
                    "role": "Creator, alumnus developer"
                },
                {
                    "name": "Geoffrey Sneddon",
                    "homepage": "http://gsnedders.com/",
                    "role": "Alumnus developer"
                },
                {
                    "name": "Ryan McCue",
                    "email": "me@ryanmccue.info",
                    "homepage": "http://ryanmccue.info/",
                    "role": "Developer"
                }
            ],
            "description": "A simple Atom/RSS parsing library for PHP",
            "homepage": "http://simplepie.org/",
            "keywords": [
                "atom",
                "feeds",
                "rss"
            ],
            "time": "2016-11-27 01:39:18"
        },
        {
            "name": "swiftmailer/swiftmailer",
            "version": "v5.4.4",
            "source": {
                "type": "git",
                "url": "https://github.com/swiftmailer/swiftmailer.git",
                "reference": "545ce9136690cea74f98f86fbb9c92dd9ab1a756"
            },
            "dist": {
                "type": "zip",
                "url": "https://api.github.com/repos/swiftmailer/swiftmailer/zipball/545ce9136690cea74f98f86fbb9c92dd9ab1a756",
                "reference": "545ce9136690cea74f98f86fbb9c92dd9ab1a756",
                "shasum": ""
            },
            "require": {
                "php": ">=5.3.3"
            },
            "require-dev": {
                "mockery/mockery": "~0.9.1"
            },
            "type": "library",
            "extra": {
                "branch-alias": {
                    "dev-master": "5.4-dev"
                }
            },
            "autoload": {
                "files": [
                    "lib/swift_required.php"
                ]
            },
            "notification-url": "https://packagist.org/downloads/",
            "license": [
                "MIT"
            ],
            "authors": [
                {
                    "name": "Chris Corbyn"
                },
                {
                    "name": "Fabien Potencier",
                    "email": "fabien@symfony.com"
                }
            ],
            "description": "Swiftmailer, free feature-rich PHP mailer",
            "homepage": "http://swiftmailer.org",
            "keywords": [
                "email",
                "mail",
                "mailer"
            ],
            "time": "2016-11-24 01:01:23"
        },
        {
            "name": "tecnick.com/tcpdf",
            "version": "6.2.11",
            "source": {
                "type": "git",
                "url": "https://github.com/tecnickcom/TCPDF.git",
                "reference": "354433a33946ae7497c3eab291eaaf814bccbfab"
            },
            "dist": {
                "type": "zip",
                "url": "https://api.github.com/repos/tecnickcom/TCPDF/zipball/354433a33946ae7497c3eab291eaaf814bccbfab",
                "reference": "354433a33946ae7497c3eab291eaaf814bccbfab",
                "shasum": ""
            },
            "require": {
                "php": ">=5.3.0"
            },
            "type": "library",
            "autoload": {
                "classmap": [
                    "fonts",
                    "config",
                    "include",
                    "tcpdf.php",
                    "tcpdf_parser.php",
                    "tcpdf_import.php",
                    "tcpdf_barcodes_1d.php",
                    "tcpdf_barcodes_2d.php",
                    "include/tcpdf_colors.php",
                    "include/tcpdf_filters.php",
                    "include/tcpdf_font_data.php",
                    "include/tcpdf_fonts.php",
                    "include/tcpdf_images.php",
                    "include/tcpdf_static.php",
                    "include/barcodes/datamatrix.php",
                    "include/barcodes/pdf417.php",
                    "include/barcodes/qrcode.php"
                ]
            },
            "notification-url": "https://packagist.org/downloads/",
            "license": [
                "LGPLv3"
            ],
            "authors": [
                {
                    "name": "Nicola Asuni",
                    "email": "info@tecnick.com",
                    "homepage": "http://nicolaasuni.tecnick.com"
                }
            ],
            "description": "TCPDF is a PHP class for generating PDF documents and barcodes.",
            "homepage": "http://www.tcpdf.org/",
            "keywords": [
                "PDFD32000-2008",
                "TCPDF",
                "barcodes",
                "datamatrix",
                "pdf",
                "pdf417",
                "qrcode"
            ],
            "abandoned": "tecnickcom/tcpdf",
            "time": "2015-08-02 12:30:27"
        },
        {
            "name": "true/punycode",
            "version": "1.1.0",
            "source": {
                "type": "git",
                "url": "https://github.com/true/php-punycode.git",
                "reference": "21c0025130b4e2b2d0b7dbe5f86e9e1512507656"
            },
            "dist": {
                "type": "zip",
                "url": "https://api.github.com/repos/true/php-punycode/zipball/21c0025130b4e2b2d0b7dbe5f86e9e1512507656",
                "reference": "21c0025130b4e2b2d0b7dbe5f86e9e1512507656",
                "shasum": ""
            },
            "require": {
                "ext-mbstring": "*",
                "php": ">=5.3.0"
            },
            "require-dev": {
                "phpunit/phpunit": "4.x",
                "satooshi/php-coveralls": "dev-master",
                "squizlabs/php_codesniffer": "~2.0"
            },
            "type": "library",
            "autoload": {
                "psr-4": {
                    "True\\": "src/"
                }
            },
            "notification-url": "https://packagist.org/downloads/",
            "license": [
                "MIT"
            ],
            "authors": [
                {
                    "name": "Renan Gonçalves",
                    "email": "renan.saddam@gmail.com"
                }
            ],
            "description": "A Bootstring encoding of Unicode for Internationalized Domain Names in Applications (IDNA)",
            "homepage": "https://github.com/true/php-punycode",
            "keywords": [
                "idna",
                "punycode"
            ],
            "time": "2015-03-12 16:49:35"
        }
    ],
    "packages-dev": [
        {
            "name": "erdmannfreunde/euf_nutshell",
            "version": "0.2.1",
            "source": {
                "type": "git",
                "url": "https://github.com/ErdmannFreunde/euf_nutshell.git",
                "reference": "9887cb8cc34895870a137ca8190c1bba72b8e3e1"
            },
            "dist": {
                "type": "zip",
                "url": "https://api.github.com/repos/ErdmannFreunde/euf_nutshell/zipball/9887cb8cc34895870a137ca8190c1bba72b8e3e1",
                "reference": "9887cb8cc34895870a137ca8190c1bba72b8e3e1",
                "shasum": ""
            },
            "require": {
                "contao-community-alliance/composer-plugin": "^2.3.0 || 3.*",
                "contao/core-bundle": ">=3.5,<=3.5.9999",
                "php": ">=5.3"
            },
            "replace": {
                "contao-legacy/euf_nutshell": "self.version"
            },
            "type": "contao-module",
            "extra": {
                "contao": {
                    "sources": {
                        "files/nutshell": "files/nutshell"
                    }
                },
                "branch-alias": {
                    "dev-develop": "1.0.x-dev"
                }
            },
            "notification-url": "https://packagist.org/downloads/",
            "license": [
                "GPL-3.0+"
            ],
            "authors": [
                {
                    "name": "Erdmann & Freunde",
                    "homepage": "http://erdmann-freunde.de",
                    "role": "Developer"
                }
            ],
            "description": "Base Framework for Contao CMS",
            "homepage": "https://github.com/ErdmannFreunde/euf_nutshell",
            "keywords": [
                "base framework",
                "contao",
                "euf nutshell",
                "nutshell"
            ],
            "time": "2016-10-12 10:05:44"
        }
    ],
    "aliases": [],
    "minimum-stability": "stable",
    "stability-flags": {
        "heimrichhannot/contao-slick": 20
    },
    "prefer-stable": false,
    "prefer-lowest": false,
    "platform": {
        "php": ">=5.3"
    },
    "platform-dev": []
}
